// !$*UTF8*$!
{
	archiveVersion = 1;
	classes = {
	};
	objectVersion = 55;
	objects = {

/* Begin PBXBuildFile section */
		3B85F91A0CC828DDE4A8904A /* Pods_pre_onboarding.framework in Frameworks */ = {isa = PBXBuildFile; fileRef = 00B46171F3D0F45C3D452A78 /* Pods_pre_onboarding.framework */; };
		F14B4D9D299F2C860055B842 /* AppDelegate.swift in Sources */ = {isa = PBXBuildFile; fileRef = F14B4D9C299F2C860055B842 /* AppDelegate.swift */; };
		F14B4D9F299F2C860055B842 /* SceneDelegate.swift in Sources */ = {isa = PBXBuildFile; fileRef = F14B4D9E299F2C860055B842 /* SceneDelegate.swift */; };
		F14B4DA1299F2C860055B842 /* HomeViewController.swift in Sources */ = {isa = PBXBuildFile; fileRef = F14B4DA0299F2C860055B842 /* HomeViewController.swift */; };
		F14B4DA6299F2C880055B842 /* Assets.xcassets in Resources */ = {isa = PBXBuildFile; fileRef = F14B4DA5299F2C880055B842 /* Assets.xcassets */; };
		F14B4DA9299F2C880055B842 /* LaunchScreen.storyboard in Resources */ = {isa = PBXBuildFile; fileRef = F14B4DA7299F2C880055B842 /* LaunchScreen.storyboard */; };
		F14B4DB4299F2E2E0055B842 /* HomeView.swift in Sources */ = {isa = PBXBuildFile; fileRef = F14B4DB3299F2E2E0055B842 /* HomeView.swift */; };
		F14B4DB6299F2E340055B842 /* HomeViewModel.swift in Sources */ = {isa = PBXBuildFile; fileRef = F14B4DB5299F2E340055B842 /* HomeViewModel.swift */; };
		F14B4DB8299F2F180055B842 /* HomeImageDownloadView.swift in Sources */ = {isa = PBXBuildFile; fileRef = F14B4DB7299F2F180055B842 /* HomeImageDownloadView.swift */; };
		F14B4DBB299F378C0055B842 /* ImageDownloader.swift in Sources */ = {isa = PBXBuildFile; fileRef = F14B4DBA299F378C0055B842 /* ImageDownloader.swift */; };
		F14B4DBE299F38880055B842 /* HTTPMethod.swift in Sources */ = {isa = PBXBuildFile; fileRef = F14B4DBD299F38880055B842 /* HTTPMethod.swift */; };
		F14B4DC0299F3AD90055B842 /* Host.swift in Sources */ = {isa = PBXBuildFile; fileRef = F14B4DBF299F3AD80055B842 /* Host.swift */; };
		F14B4DC3299F3B0D0055B842 /* DogAPI.swift in Sources */ = {isa = PBXBuildFile; fileRef = F14B4DC2299F3B0D0055B842 /* DogAPI.swift */; };
		F14B4DC6299F3B2A0055B842 /* Dog.swift in Sources */ = {isa = PBXBuildFile; fileRef = F14B4DC5299F3B2A0055B842 /* Dog.swift */; };
		F14B4DC8299F3B690055B842 /* TargetType.swift in Sources */ = {isa = PBXBuildFile; fileRef = F14B4DC7299F3B690055B842 /* TargetType.swift */; };
		F14B4DCA299F3B900055B842 /* NetworkTask.swift in Sources */ = {isa = PBXBuildFile; fileRef = F14B4DC9299F3B900055B842 /* NetworkTask.swift */; };
		F14B4DCE299F3C190055B842 /* NetworkProvider.swift in Sources */ = {isa = PBXBuildFile; fileRef = F14B4DCD299F3C190055B842 /* NetworkProvider.swift */; };
		F14B4DD0299F3C830055B842 /* NetworkError.swift in Sources */ = {isa = PBXBuildFile; fileRef = F14B4DCF299F3C830055B842 /* NetworkError.swift */; };
		F14B4DD3299F3EC80055B842 /* UIImageView+ImageDownloader.swift in Sources */ = {isa = PBXBuildFile; fileRef = F14B4DD2299F3EC80055B842 /* UIImageView+ImageDownloader.swift */; };
		F14B4DD5299F3FBC0055B842 /* Array+.swift in Sources */ = {isa = PBXBuildFile; fileRef = F14B4DD4299F3FBC0055B842 /* Array+.swift */; };
/* End PBXBuildFile section */

/* Begin PBXFileReference section */
		00B46171F3D0F45C3D452A78 /* Pods_pre_onboarding.framework */ = {isa = PBXFileReference; explicitFileType = wrapper.framework; includeInIndex = 0; path = Pods_pre_onboarding.framework; sourceTree = BUILT_PRODUCTS_DIR; };
		4B0979D5DBA180CF610777DA /* Pods-pre_onboarding.release.xcconfig */ = {isa = PBXFileReference; includeInIndex = 1; lastKnownFileType = text.xcconfig; name = "Pods-pre_onboarding.release.xcconfig"; path = "Target Support Files/Pods-pre_onboarding/Pods-pre_onboarding.release.xcconfig"; sourceTree = "<group>"; };
		EE81A981BBCB3A1DFBB70988 /* Pods-pre_onboarding.debug.xcconfig */ = {isa = PBXFileReference; includeInIndex = 1; lastKnownFileType = text.xcconfig; name = "Pods-pre_onboarding.debug.xcconfig"; path = "Target Support Files/Pods-pre_onboarding/Pods-pre_onboarding.debug.xcconfig"; sourceTree = "<group>"; };
		F14B4D99299F2C860055B842 /* pre_onboarding.app */ = {isa = PBXFileReference; explicitFileType = wrapper.application; includeInIndex = 0; path = pre_onboarding.app; sourceTree = BUILT_PRODUCTS_DIR; };
		F14B4D9C299F2C860055B842 /* AppDelegate.swift */ = {isa = PBXFileReference; lastKnownFileType = sourcecode.swift; path = AppDelegate.swift; sourceTree = "<group>"; };
		F14B4D9E299F2C860055B842 /* SceneDelegate.swift */ = {isa = PBXFileReference; lastKnownFileType = sourcecode.swift; path = SceneDelegate.swift; sourceTree = "<group>"; };
		F14B4DA0299F2C860055B842 /* HomeViewController.swift */ = {isa = PBXFileReference; lastKnownFileType = sourcecode.swift; path = HomeViewController.swift; sourceTree = "<group>"; };
		F14B4DA5299F2C880055B842 /* Assets.xcassets */ = {isa = PBXFileReference; lastKnownFileType = folder.assetcatalog; path = Assets.xcassets; sourceTree = "<group>"; };
		F14B4DA8299F2C880055B842 /* Base */ = {isa = PBXFileReference; lastKnownFileType = file.storyboard; name = Base; path = Base.lproj/LaunchScreen.storyboard; sourceTree = "<group>"; };
		F14B4DAA299F2C880055B842 /* Info.plist */ = {isa = PBXFileReference; lastKnownFileType = text.plist.xml; path = Info.plist; sourceTree = "<group>"; };
		F14B4DB3299F2E2E0055B842 /* HomeView.swift */ = {isa = PBXFileReference; lastKnownFileType = sourcecode.swift; path = HomeView.swift; sourceTree = "<group>"; };
		F14B4DB5299F2E340055B842 /* HomeViewModel.swift */ = {isa = PBXFileReference; lastKnownFileType = sourcecode.swift; path = HomeViewModel.swift; sourceTree = "<group>"; };
		F14B4DB7299F2F180055B842 /* HomeImageDownloadView.swift */ = {isa = PBXFileReference; lastKnownFileType = sourcecode.swift; path = HomeImageDownloadView.swift; sourceTree = "<group>"; };
		F14B4DBA299F378C0055B842 /* ImageDownloader.swift */ = {isa = PBXFileReference; lastKnownFileType = sourcecode.swift; path = ImageDownloader.swift; sourceTree = "<group>"; };
		F14B4DBD299F38880055B842 /* HTTPMethod.swift */ = {isa = PBXFileReference; lastKnownFileType = sourcecode.swift; path = HTTPMethod.swift; sourceTree = "<group>"; };
		F14B4DBF299F3AD80055B842 /* Host.swift */ = {isa = PBXFileReference; lastKnownFileType = sourcecode.swift; path = Host.swift; sourceTree = "<group>"; };
		F14B4DC2299F3B0D0055B842 /* DogAPI.swift */ = {isa = PBXFileReference; lastKnownFileType = sourcecode.swift; path = DogAPI.swift; sourceTree = "<group>"; };
		F14B4DC5299F3B2A0055B842 /* Dog.swift */ = {isa = PBXFileReference; lastKnownFileType = sourcecode.swift; path = Dog.swift; sourceTree = "<group>"; };
		F14B4DC7299F3B690055B842 /* TargetType.swift */ = {isa = PBXFileReference; lastKnownFileType = sourcecode.swift; path = TargetType.swift; sourceTree = "<group>"; };
		F14B4DC9299F3B900055B842 /* NetworkTask.swift */ = {isa = PBXFileReference; lastKnownFileType = sourcecode.swift; path = NetworkTask.swift; sourceTree = "<group>"; };
		F14B4DCD299F3C190055B842 /* NetworkProvider.swift */ = {isa = PBXFileReference; lastKnownFileType = sourcecode.swift; path = NetworkProvider.swift; sourceTree = "<group>"; };
		F14B4DCF299F3C830055B842 /* NetworkError.swift */ = {isa = PBXFileReference; lastKnownFileType = sourcecode.swift; path = NetworkError.swift; sourceTree = "<group>"; };
		F14B4DD2299F3EC80055B842 /* UIImageView+ImageDownloader.swift */ = {isa = PBXFileReference; lastKnownFileType = sourcecode.swift; path = "UIImageView+ImageDownloader.swift"; sourceTree = "<group>"; };
		F14B4DD4299F3FBC0055B842 /* Array+.swift */ = {isa = PBXFileReference; lastKnownFileType = sourcecode.swift; path = "Array+.swift"; sourceTree = "<group>"; };
/* End PBXFileReference section */

/* Begin PBXFrameworksBuildPhase section */
		F14B4D96299F2C860055B842 /* Frameworks */ = {
			isa = PBXFrameworksBuildPhase;
			buildActionMask = 2147483647;
			files = (
				3B85F91A0CC828DDE4A8904A /* Pods_pre_onboarding.framework in Frameworks */,
			);
			runOnlyForDeploymentPostprocessing = 0;
		};
/* End PBXFrameworksBuildPhase section */

/* Begin PBXGroup section */
		3CDF4D066303697A69C5D401 /* Pods */ = {
			isa = PBXGroup;
			children = (
				EE81A981BBCB3A1DFBB70988 /* Pods-pre_onboarding.debug.xcconfig */,
				4B0979D5DBA180CF610777DA /* Pods-pre_onboarding.release.xcconfig */,
			);
			path = Pods;
			sourceTree = "<group>";
		};
		EAF5591135DE5B3DAF4BC39A /* Frameworks */ = {
			isa = PBXGroup;
			children = (
				00B46171F3D0F45C3D452A78 /* Pods_pre_onboarding.framework */,
			);
			name = Frameworks;
			sourceTree = "<group>";
		};
		F14B4D90299F2C860055B842 = {
			isa = PBXGroup;
			children = (
				F14B4D9B299F2C860055B842 /* pre_onboarding */,
				F14B4D9A299F2C860055B842 /* Products */,
				3CDF4D066303697A69C5D401 /* Pods */,
				EAF5591135DE5B3DAF4BC39A /* Frameworks */,
			);
			sourceTree = "<group>";
		};
		F14B4D9A299F2C860055B842 /* Products */ = {
			isa = PBXGroup;
			children = (
				F14B4D99299F2C860055B842 /* pre_onboarding.app */,
			);
			name = Products;
			sourceTree = "<group>";
		};
		F14B4D9B299F2C860055B842 /* pre_onboarding */ = {
			isa = PBXGroup;
			children = (
				F14B4DBC299F387B0055B842 /* Network */,
				F14B4DD1299F3EBA0055B842 /* Extension */,
				F14B4DB9299F37840055B842 /* Manager */,
				F14B4DB2299F2DA40055B842 /* Home */,
				F14B4D9C299F2C860055B842 /* AppDelegate.swift */,
				F14B4D9E299F2C860055B842 /* SceneDelegate.swift */,
				F14B4DA5299F2C880055B842 /* Assets.xcassets */,
				F14B4DA7299F2C880055B842 /* LaunchScreen.storyboard */,
				F14B4DAA299F2C880055B842 /* Info.plist */,
			);
			path = pre_onboarding;
			sourceTree = "<group>";
		};
		F14B4DB2299F2DA40055B842 /* Home */ = {
			isa = PBXGroup;
			children = (
				F14B4DA0299F2C860055B842 /* HomeViewController.swift */,
				F14B4DB5299F2E340055B842 /* HomeViewModel.swift */,
				F14B4DB3299F2E2E0055B842 /* HomeView.swift */,
				F14B4DB7299F2F180055B842 /* HomeImageDownloadView.swift */,
			);
			path = Home;
			sourceTree = "<group>";
		};
		F14B4DB9299F37840055B842 /* Manager */ = {
			isa = PBXGroup;
			children = (
				F14B4DBA299F378C0055B842 /* ImageDownloader.swift */,
			);
			path = Manager;
			sourceTree = "<group>";
		};
		F14B4DBC299F387B0055B842 /* Network */ = {
			isa = PBXGroup;
			children = (
				F14B4DBF299F3AD80055B842 /* Host.swift */,
				F14B4DC7299F3B690055B842 /* TargetType.swift */,
				F14B4DBD299F38880055B842 /* HTTPMethod.swift */,
				F14B4DCD299F3C190055B842 /* NetworkProvider.swift */,
				F14B4DC9299F3B900055B842 /* NetworkTask.swift */,
				F14B4DCF299F3C830055B842 /* NetworkError.swift */,
				F14B4DC1299F3AEC0055B842 /* API */,
				F14B4DC4299F3B160055B842 /* Model */,
			);
			path = Network;
			sourceTree = "<group>";
		};
		F14B4DC1299F3AEC0055B842 /* API */ = {
			isa = PBXGroup;
			children = (
				F14B4DC2299F3B0D0055B842 /* DogAPI.swift */,
			);
			path = API;
			sourceTree = "<group>";
		};
		F14B4DC4299F3B160055B842 /* Model */ = {
			isa = PBXGroup;
			children = (
				F14B4DC5299F3B2A0055B842 /* Dog.swift */,
			);
			path = Model;
			sourceTree = "<group>";
		};
		F14B4DD1299F3EBA0055B842 /* Extension */ = {
			isa = PBXGroup;
			children = (
				F14B4DD4299F3FBC0055B842 /* Array+.swift */,
				F14B4DD2299F3EC80055B842 /* UIImageView+ImageDownloader.swift */,
			);
			path = Extension;
			sourceTree = "<group>";
		};
/* End PBXGroup section */

/* Begin PBXNativeTarget section */
		F14B4D98299F2C860055B842 /* pre_onboarding */ = {
			isa = PBXNativeTarget;
			buildConfigurationList = F14B4DAD299F2C880055B842 /* Build configuration list for PBXNativeTarget "pre_onboarding" */;
			buildPhases = (
				E8929A840D4E23995A43EFBE /* [CP] Check Pods Manifest.lock */,
				F14B4D95299F2C860055B842 /* Sources */,
				F14B4D96299F2C860055B842 /* Frameworks */,
				F14B4D97299F2C860055B842 /* Resources */,
				2BDEB6A8C98DE488FFB3AD80 /* [CP] Embed Pods Frameworks */,
			);
			buildRules = (
			);
			dependencies = (
			);
			name = pre_onboarding;
			productName = pre_onboarding;
			productReference = F14B4D99299F2C860055B842 /* pre_onboarding.app */;
			productType = "com.apple.product-type.application";
		};
/* End PBXNativeTarget section */

/* Begin PBXProject section */
		F14B4D91299F2C860055B842 /* Project object */ = {
			isa = PBXProject;
			attributes = {
				BuildIndependentTargetsInParallel = 1;
				LastSwiftUpdateCheck = 1320;
				LastUpgradeCheck = 1320;
				TargetAttributes = {
					F14B4D98299F2C860055B842 = {
						CreatedOnToolsVersion = 13.2;
					};
				};
			};
			buildConfigurationList = F14B4D94299F2C860055B842 /* Build configuration list for PBXProject "pre_onboarding" */;
			compatibilityVersion = "Xcode 13.0";
			developmentRegion = en;
			hasScannedForEncodings = 0;
			knownRegions = (
				en,
				Base,
			);
			mainGroup = F14B4D90299F2C860055B842;
			productRefGroup = F14B4D9A299F2C860055B842 /* Products */;
			projectDirPath = "";
			projectRoot = "";
			targets = (
				F14B4D98299F2C860055B842 /* pre_onboarding */,
			);
		};
/* End PBXProject section */

/* Begin PBXResourcesBuildPhase section */
		F14B4D97299F2C860055B842 /* Resources */ = {
			isa = PBXResourcesBuildPhase;
			buildActionMask = 2147483647;
			files = (
				F14B4DA9299F2C880055B842 /* LaunchScreen.storyboard in Resources */,
				F14B4DA6299F2C880055B842 /* Assets.xcassets in Resources */,
			);
			runOnlyForDeploymentPostprocessing = 0;
		};
/* End PBXResourcesBuildPhase section */

/* Begin PBXShellScriptBuildPhase section */
		2BDEB6A8C98DE488FFB3AD80 /* [CP] Embed Pods Frameworks */ = {
			isa = PBXShellScriptBuildPhase;
			buildActionMask = 2147483647;
			files = (
			);
			inputFileListPaths = (
				"${PODS_ROOT}/Target Support Files/Pods-pre_onboarding/Pods-pre_onboarding-frameworks-${CONFIGURATION}-input-files.xcfilelist",
			);
			name = "[CP] Embed Pods Frameworks";
			outputFileListPaths = (
				"${PODS_ROOT}/Target Support Files/Pods-pre_onboarding/Pods-pre_onboarding-frameworks-${CONFIGURATION}-output-files.xcfilelist",
			);
			runOnlyForDeploymentPostprocessing = 0;
			shellPath = /bin/sh;
			shellScript = "\"${PODS_ROOT}/Target Support Files/Pods-pre_onboarding/Pods-pre_onboarding-frameworks.sh\"\n";
			showEnvVarsInLog = 0;
		};
		E8929A840D4E23995A43EFBE /* [CP] Check Pods Manifest.lock */ = {
			isa = PBXShellScriptBuildPhase;
			buildActionMask = 2147483647;
			files = (
			);
			inputFileListPaths = (
			);
			inputPaths = (
				"${PODS_PODFILE_DIR_PATH}/Podfile.lock",
				"${PODS_ROOT}/Manifest.lock",
			);
			name = "[CP] Check Pods Manifest.lock";
			outputFileListPaths = (
			);
			outputPaths = (
				"$(DERIVED_FILE_DIR)/Pods-pre_onboarding-checkManifestLockResult.txt",
			);
			runOnlyForDeploymentPostprocessing = 0;
			shellPath = /bin/sh;
			shellScript = "diff \"${PODS_PODFILE_DIR_PATH}/Podfile.lock\" \"${PODS_ROOT}/Manifest.lock\" > /dev/null\nif [ $? != 0 ] ; then\n    # print error to STDERR\n    echo \"error: The sandbox is not in sync with the Podfile.lock. Run 'pod install' or update your CocoaPods installation.\" >&2\n    exit 1\nfi\n# This output is used by Xcode 'outputs' to avoid re-running this script phase.\necho \"SUCCESS\" > \"${SCRIPT_OUTPUT_FILE_0}\"\n";
			showEnvVarsInLog = 0;
		};
/* End PBXShellScriptBuildPhase section */

/* Begin PBXSourcesBuildPhase section */
		F14B4D95299F2C860055B842 /* Sources */ = {
			isa = PBXSourcesBuildPhase;
			buildActionMask = 2147483647;
			files = (
				F14B4DC8299F3B690055B842 /* TargetType.swift in Sources */,
				F14B4DD0299F3C830055B842 /* NetworkError.swift in Sources */,
				F14B4DA1299F2C860055B842 /* HomeViewController.swift in Sources */,
				F14B4DB4299F2E2E0055B842 /* HomeView.swift in Sources */,
				F14B4DD3299F3EC80055B842 /* UIImageView+ImageDownloader.swift in Sources */,
				F14B4DBB299F378C0055B842 /* ImageDownloader.swift in Sources */,
				F14B4D9D299F2C860055B842 /* AppDelegate.swift in Sources */,
				F14B4DBE299F38880055B842 /* HTTPMethod.swift in Sources */,
				F14B4DC6299F3B2A0055B842 /* Dog.swift in Sources */,
				F14B4DC3299F3B0D0055B842 /* DogAPI.swift in Sources */,
				F14B4DB8299F2F180055B842 /* HomeImageDownloadView.swift in Sources */,
				F14B4DCA299F3B900055B842 /* NetworkTask.swift in Sources */,
				F14B4DC0299F3AD90055B842 /* Host.swift in Sources */,
				F14B4DD5299F3FBC0055B842 /* Array+.swift in Sources */,
				F14B4DB6299F2E340055B842 /* HomeViewModel.swift in Sources */,
				F14B4D9F299F2C860055B842 /* SceneDelegate.swift in Sources */,
				F14B4DCE299F3C190055B842 /* NetworkProvider.swift in Sources */,
			);
			runOnlyForDeploymentPostprocessing = 0;
		};
/* End PBXSourcesBuildPhase section */

/* Begin PBXVariantGroup section */
		F14B4DA7299F2C880055B842 /* LaunchScreen.storyboard */ = {
			isa = PBXVariantGroup;
			children = (
				F14B4DA8299F2C880055B842 /* Base */,
			);
			name = LaunchScreen.storyboard;
			sourceTree = "<group>";
		};
/* End PBXVariantGroup section */

/* Begin XCBuildConfiguration section */
		F14B4DAB299F2C880055B842 /* Debug */ = {
			isa = XCBuildConfiguration;
			buildSettings = {
				ALWAYS_SEARCH_USER_PATHS = NO;
				CLANG_ANALYZER_NONNULL = YES;
				CLANG_ANALYZER_NUMBER_OBJECT_CONVERSION = YES_AGGRESSIVE;
				CLANG_CXX_LANGUAGE_STANDARD = "gnu++17";
				CLANG_CXX_LIBRARY = "libc++";
				CLANG_ENABLE_MODULES = YES;
				CLANG_ENABLE_OBJC_ARC = YES;
				CLANG_ENABLE_OBJC_WEAK = YES;
				CLANG_WARN_BLOCK_CAPTURE_AUTORELEASING = YES;
				CLANG_WARN_BOOL_CONVERSION = YES;
				CLANG_WARN_COMMA = YES;
				CLANG_WARN_CONSTANT_CONVERSION = YES;
				CLANG_WARN_DEPRECATED_OBJC_IMPLEMENTATIONS = YES;
				CLANG_WARN_DIRECT_OBJC_ISA_USAGE = YES_ERROR;
				CLANG_WARN_DOCUMENTATION_COMMENTS = YES;
				CLANG_WARN_EMPTY_BODY = YES;
				CLANG_WARN_ENUM_CONVERSION = YES;
				CLANG_WARN_INFINITE_RECURSION = YES;
				CLANG_WARN_INT_CONVERSION = YES;
				CLANG_WARN_NON_LITERAL_NULL_CONVERSION = YES;
				CLANG_WARN_OBJC_IMPLICIT_RETAIN_SELF = YES;
				CLANG_WARN_OBJC_LITERAL_CONVERSION = YES;
				CLANG_WARN_OBJC_ROOT_CLASS = YES_ERROR;
				CLANG_WARN_QUOTED_INCLUDE_IN_FRAMEWORK_HEADER = YES;
				CLANG_WARN_RANGE_LOOP_ANALYSIS = YES;
				CLANG_WARN_STRICT_PROTOTYPES = YES;
				CLANG_WARN_SUSPICIOUS_MOVE = YES;
				CLANG_WARN_UNGUARDED_AVAILABILITY = YES_AGGRESSIVE;
				CLANG_WARN_UNREACHABLE_CODE = YES;
				CLANG_WARN__DUPLICATE_METHOD_MATCH = YES;
				COPY_PHASE_STRIP = NO;
				DEBUG_INFORMATION_FORMAT = dwarf;
				ENABLE_STRICT_OBJC_MSGSEND = YES;
				ENABLE_TESTABILITY = YES;
				GCC_C_LANGUAGE_STANDARD = gnu11;
				GCC_DYNAMIC_NO_PIC = NO;
				GCC_NO_COMMON_BLOCKS = YES;
				GCC_OPTIMIZATION_LEVEL = 0;
				GCC_PREPROCESSOR_DEFINITIONS = (
					"DEBUG=1",
					"$(inherited)",
				);
				GCC_WARN_64_TO_32_BIT_CONVERSION = YES;
				GCC_WARN_ABOUT_RETURN_TYPE = YES_ERROR;
				GCC_WARN_UNDECLARED_SELECTOR = YES;
				GCC_WARN_UNINITIALIZED_AUTOS = YES_AGGRESSIVE;
				GCC_WARN_UNUSED_FUNCTION = YES;
				GCC_WARN_UNUSED_VARIABLE = YES;
				IPHONEOS_DEPLOYMENT_TARGET = 15.2;
				MTL_ENABLE_DEBUG_INFO = INCLUDE_SOURCE;
				MTL_FAST_MATH = YES;
				ONLY_ACTIVE_ARCH = YES;
				SDKROOT = iphoneos;
				SWIFT_ACTIVE_COMPILATION_CONDITIONS = DEBUG;
				SWIFT_OPTIMIZATION_LEVEL = "-Onone";
			};
			name = Debug;
		};
		F14B4DAC299F2C880055B842 /* Release */ = {
			isa = XCBuildConfiguration;
			buildSettings = {
				ALWAYS_SEARCH_USER_PATHS = NO;
				CLANG_ANALYZER_NONNULL = YES;
				CLANG_ANALYZER_NUMBER_OBJECT_CONVERSION = YES_AGGRESSIVE;
				CLANG_CXX_LANGUAGE_STANDARD = "gnu++17";
				CLANG_CXX_LIBRARY = "libc++";
				CLANG_ENABLE_MODULES = YES;
				CLANG_ENABLE_OBJC_ARC = YES;
				CLANG_ENABLE_OBJC_WEAK = YES;
				CLANG_WARN_BLOCK_CAPTURE_AUTORELEASING = YES;
				CLANG_WARN_BOOL_CONVERSION = YES;
				CLANG_WARN_COMMA = YES;
				CLANG_WARN_CONSTANT_CONVERSION = YES;
				CLANG_WARN_DEPRECATED_OBJC_IMPLEMENTATIONS = YES;
				CLANG_WARN_DIRECT_OBJC_ISA_USAGE = YES_ERROR;
				CLANG_WARN_DOCUMENTATION_COMMENTS = YES;
				CLANG_WARN_EMPTY_BODY = YES;
				CLANG_WARN_ENUM_CONVERSION = YES;
				CLANG_WARN_INFINITE_RECURSION = YES;
				CLANG_WARN_INT_CONVERSION = YES;
				CLANG_WARN_NON_LITERAL_NULL_CONVERSION = YES;
				CLANG_WARN_OBJC_IMPLICIT_RETAIN_SELF = YES;
				CLANG_WARN_OBJC_LITERAL_CONVERSION = YES;
				CLANG_WARN_OBJC_ROOT_CLASS = YES_ERROR;
				CLANG_WARN_QUOTED_INCLUDE_IN_FRAMEWORK_HEADER = YES;
				CLANG_WARN_RANGE_LOOP_ANALYSIS = YES;
				CLANG_WARN_STRICT_PROTOTYPES = YES;
				CLANG_WARN_SUSPICIOUS_MOVE = YES;
				CLANG_WARN_UNGUARDED_AVAILABILITY = YES_AGGRESSIVE;
				CLANG_WARN_UNREACHABLE_CODE = YES;
				CLANG_WARN__DUPLICATE_METHOD_MATCH = YES;
				COPY_PHASE_STRIP = NO;
				DEBUG_INFORMATION_FORMAT = "dwarf-with-dsym";
				ENABLE_NS_ASSERTIONS = NO;
				ENABLE_STRICT_OBJC_MSGSEND = YES;
				GCC_C_LANGUAGE_STANDARD = gnu11;
				GCC_NO_COMMON_BLOCKS = YES;
				GCC_WARN_64_TO_32_BIT_CONVERSION = YES;
				GCC_WARN_ABOUT_RETURN_TYPE = YES_ERROR;
				GCC_WARN_UNDECLARED_SELECTOR = YES;
				GCC_WARN_UNINITIALIZED_AUTOS = YES_AGGRESSIVE;
				GCC_WARN_UNUSED_FUNCTION = YES;
				GCC_WARN_UNUSED_VARIABLE = YES;
				IPHONEOS_DEPLOYMENT_TARGET = 15.2;
				MTL_ENABLE_DEBUG_INFO = NO;
				MTL_FAST_MATH = YES;
				SDKROOT = iphoneos;
				SWIFT_COMPILATION_MODE = wholemodule;
				SWIFT_OPTIMIZATION_LEVEL = "-O";
				VALIDATE_PRODUCT = YES;
			};
			name = Release;
		};
		F14B4DAE299F2C880055B842 /* Debug */ = {
			isa = XCBuildConfiguration;
			baseConfigurationReference = EE81A981BBCB3A1DFBB70988 /* Pods-pre_onboarding.debug.xcconfig */;
			buildSettings = {
				ASSETCATALOG_COMPILER_APPICON_NAME = AppIcon;
				ASSETCATALOG_COMPILER_GLOBAL_ACCENT_COLOR_NAME = AccentColor;
				CODE_SIGN_STYLE = Automatic;
				CURRENT_PROJECT_VERSION = 1;
				DEVELOPMENT_TEAM = 62ZLDXLZ77;
				GENERATE_INFOPLIST_FILE = YES;
				INFOPLIST_FILE = pre_onboarding/Info.plist;
				INFOPLIST_KEY_UIApplicationSupportsIndirectInputEvents = YES;
				INFOPLIST_KEY_UILaunchStoryboardName = LaunchScreen;
				INFOPLIST_KEY_UISupportedInterfaceOrientations_iPad = "UIInterfaceOrientationPortrait UIInterfaceOrientationPortraitUpsideDown UIInterfaceOrientationLandscapeLeft UIInterfaceOrientationLandscapeRight";
				INFOPLIST_KEY_UISupportedInterfaceOrientations_iPhone = "UIInterfaceOrientationPortrait UIInterfaceOrientationLandscapeLeft UIInterfaceOrientationLandscapeRight";
				LD_RUNPATH_SEARCH_PATHS = (
					"$(inherited)",
					"@executable_path/Frameworks",
				);
				MARKETING_VERSION = 1.0;
				PRODUCT_BUNDLE_IDENTIFIER = "hogumachu.pre-onboarding";
				PRODUCT_NAME = "$(TARGET_NAME)";
				SWIFT_EMIT_LOC_STRINGS = YES;
				SWIFT_VERSION = 5.0;
				TARGETED_DEVICE_FAMILY = "1,2";
			};
			name = Debug;
		};
		F14B4DAF299F2C880055B842 /* Release */ = {
			isa = XCBuildConfiguration;
			baseConfigurationReference = 4B0979D5DBA180CF610777DA /* Pods-pre_onboarding.release.xcconfig */;
			buildSettings = {
				ASSETCATALOG_COMPILER_APPICON_NAME = AppIcon;
				ASSETCATALOG_COMPILER_GLOBAL_ACCENT_COLOR_NAME = AccentColor;
				CODE_SIGN_STYLE = Automatic;
				CURRENT_PROJECT_VERSION = 1;
				DEVELOPMENT_TEAM = 62ZLDXLZ77;
				GENERATE_INFOPLIST_FILE = YES;
				INFOPLIST_FILE = pre_onboarding/Info.plist;
				INFOPLIST_KEY_UIApplicationSupportsIndirectInputEvents = YES;
				INFOPLIST_KEY_UILaunchStoryboardName = LaunchScreen;
				INFOPLIST_KEY_UISupportedInterfaceOrientations_iPad = "UIInterfaceOrientationPortrait UIInterfaceOrientationPortraitUpsideDown UIInterfaceOrientationLandscapeLeft UIInterfaceOrientationLandscapeRight";
				INFOPLIST_KEY_UISupportedInterfaceOrientations_iPhone = "UIInterfaceOrientationPortrait UIInterfaceOrientationLandscapeLeft UIInterfaceOrientationLandscapeRight";
				LD_RUNPATH_SEARCH_PATHS = (
					"$(inherited)",
					"@executable_path/Frameworks",
				);
				MARKETING_VERSION = 1.0;
				PRODUCT_BUNDLE_IDENTIFIER = "hogumachu.pre-onboarding";
				PRODUCT_NAME = "$(TARGET_NAME)";
				SWIFT_EMIT_LOC_STRINGS = YES;
				SWIFT_VERSION = 5.0;
				TARGETED_DEVICE_FAMILY = "1,2";
			};
			name = Release;
		};
/* End XCBuildConfiguration section */

/* Begin XCConfigurationList section */
		F14B4D94299F2C860055B842 /* Build configuration list for PBXProject "pre_onboarding" */ = {
			isa = XCConfigurationList;
			buildConfigurations = (
				F14B4DAB299F2C880055B842 /* Debug */,
				F14B4DAC299F2C880055B842 /* Release */,
			);
			defaultConfigurationIsVisible = 0;
			defaultConfigurationName = Release;
		};
		F14B4DAD299F2C880055B842 /* Build configuration list for PBXNativeTarget "pre_onboarding" */ = {
			isa = XCConfigurationList;
			buildConfigurations = (
				F14B4DAE299F2C880055B842 /* Debug */,
				F14B4DAF299F2C880055B842 /* Release */,
			);
			defaultConfigurationIsVisible = 0;
			defaultConfigurationName = Release;
		};
/* End XCConfigurationList section */
	};
	rootObject = F14B4D91299F2C860055B842 /* Project object */;
}
